{
  "name": "capacitor-sound-effect",
  "version": "1.0.1",
  "lockfileVersion": 1,
  "requires": true,
  "dependencies": {
    "@capacitor/android": {
      "version": "2.4.8",
      "resolved": "https://registry.npmjs.org/@capacitor/android/-/android-2.4.8.tgz",
      "integrity": "sha512-uFTXsh9YBR/eBgqTZRIpSWCp59wbIKJGfsGB6dufxV3fYkiGJkMVZ1QoBnqcY5hk+qIB0nM3ZyUDc6wMq+HLnw==",
      "dev": true
    },
    "@capacitor/core": {
      "version": "2.4.8",
      "resolved": "https://registry.npmjs.org/@capacitor/core/-/core-2.4.8.tgz",
      "integrity": "sha512-8WD5SntTA0wmX4hAlsZtLRara8Nu5g13GUKoo9R1uT2kcka//4WF7JJJ34WYko8599R87UalVCoOQhxMk+85uw==",
      "requires": {
        "tslib": "^1.9.0"
      }
    },
    "@capacitor/ios": {
      "version": "2.4.8",
      "resolved": "https://registry.npmjs.org/@capacitor/ios/-/ios-2.4.8.tgz",
      "integrity": "sha512-TTNa6j4JVPCxqXnJI2y8IfgprjucfbfNVol34M2dxRF3D3xtDbxB2KFi2M4dobp9vjHO7X+2AxZ99plSzLIJzw==",
      "dev": true
    },
    "tslib": {
      "version": "1.14.1",
      "resolved": "https://registry.npmjs.org/tslib/-/tslib-1.14.1.tgz",
      "integrity": "sha512-Xni35NKzjgMrwevysHTCArtLDpPvye8zV/0E4EyYn43P7/7qvQwPh9BGkHewbMulVntbigmcT7rdX3BNo9wRJg=="
    },
    "typescript": {
      "version": "3.6.3",
      "resolved": "https://registry.npmjs.org/typescript/-/typescript-3.6.3.tgz",
      "integrity": "sha512-N7bceJL1CtRQ2RiG0AQME13ksR7DiuQh/QehubYcghzv20tnh+MQnQIuJddTmsbqYj+dztchykemz0zFzlvdQw==",
      "dev": true
    }
  }
}
